
Microsoft Visual Studio Solution File, Format Version 12.00
# Visual Studio 15
VisualStudioVersion = 15.0.28010.2046
MinimumVisualStudioVersion = 10.0.40219.1
Project("{9A19103F-16F7-4668-BE54-9A1E7A4F7556}") = "texode_http_server", "texode_http_server\texode_http_server.csproj", "{088B53AA-D140-447E-8439-1D188ED251F7}"
EndProject
Project("{FAE04EC0-301F-11D3-BF4B-00C04F79EFBC}") = "texode_client_wpf", "texode_client_wpf\texode_client_wpf.csproj", "{AF902226-4F63-473D-A824-33CD5F020092}"
EndProject
Global
	GlobalSection(SolutionConfigurationPlatforms) = preSolution
		Debug|Any CPU = Debug|Any CPU
		Release|Any CPU = Release|Any CPU
	EndGlobalSection
	GlobalSection(ProjectConfigurationPlatforms) = postSolution
		{088B53AA-D140-447E-8439-1D188ED251F7}.Debug|Any CPU.ActiveCfg = Debug|Any CPU
		{088B53AA-D140-447E-8439-1D188ED251F7}.Debug|Any CPU.Build.0 = Debug|Any CPU
		{088B53AA-D140-447E-8439-1D188ED251F7}.Release|Any CPU.ActiveCfg = Release|Any CPU
		{088B53AA-D140-447E-8439-1D188ED251F7}.Release|Any CPU.Build.0 = Release|Any CPU
		{AF902226-4F63-473D-A824-33CD5F020092}.Debug|Any CPU.ActiveCfg = Debug|Any CPU
		{AF902226-4F63-473D-A824-33CD5F020092}.Debug|Any CPU.Build.0 = Debug|Any CPU
		{AF902226-4F63-473D-A824-33CD5F020092}.Release|Any CPU.ActiveCfg = Release|Any CPU
		{AF902226-4F63-473D-A824-33CD5F020092}.Release|Any CPU.Build.0 = Release|Any CPU
	EndGlobalSection
	GlobalSection(SolutionProperties) = preSolution
		HideSolutionNode = FALSE
	EndGlobalSection
	GlobalSection(ExtensibilityGlobals) = postSolution
		SolutionGuid = {33082819-C6DA-4ED7-8B49-F275D7DBFCBB}
	EndGlobalSection
EndGlobal
